
Microsoft Visual Studio Solution File, Format Version 12.00
# Visual Studio Version 16
VisualStudioVersion = 16.0.31729.503
MinimumVisualStudioVersion = 10.0.40219.1
Project("{FAE04EC0-301F-11D3-BF4B-00C04F79EFBC}") = "ConsoleApp1", "ConsoleApp1\ConsoleApp1.csproj", "{81861165-8D89-4FCB-9C7D-2A166AD0E8C1}"
EndProject
Project("{FAE04EC0-301F-11D3-BF4B-00C04F79EFBC}") = "Console1", "Homwork\Console1.csproj", "{C5778A75-3D22-468E-B724-BCAC0B7E45BB}"
EndProject
Project("{FAE04EC0-301F-11D3-BF4B-00C04F79EFBC}") = "Console", "Console\Console.csproj", "{69C89133-1C36-4385-A967-FD373751D1DC}"
EndProject
Global
	GlobalSection(SolutionConfigurationPlatforms) = preSolution
		Debug|Any CPU = Debug|Any CPU
		Release|Any CPU = Release|Any CPU
	EndGlobalSection
	GlobalSection(ProjectConfigurationPlatforms) = postSolution
		{81861165-8D89-4FCB-9C7D-2A166AD0E8C1}.Debug|Any CPU.ActiveCfg = Debug|Any CPU
		{81861165-8D89-4FCB-9C7D-2A166AD0E8C1}.Debug|Any CPU.Build.0 = Debug|Any CPU
		{81861165-8D89-4FCB-9C7D-2A166AD0E8C1}.Release|Any CPU.ActiveCfg = Release|Any CPU
		{81861165-8D89-4FCB-9C7D-2A166AD0E8C1}.Release|Any CPU.Build.0 = Release|Any CPU
		{C5778A75-3D22-468E-B724-BCAC0B7E45BB}.Debug|Any CPU.ActiveCfg = Debug|Any CPU
		{C5778A75-3D22-468E-B724-BCAC0B7E45BB}.Debug|Any CPU.Build.0 = Debug|Any CPU
		{C5778A75-3D22-468E-B724-BCAC0B7E45BB}.Release|Any CPU.ActiveCfg = Release|Any CPU
		{C5778A75-3D22-468E-B724-BCAC0B7E45BB}.Release|Any CPU.Build.0 = Release|Any CPU
		{69C89133-1C36-4385-A967-FD373751D1DC}.Debug|Any CPU.ActiveCfg = Debug|Any CPU
		{69C89133-1C36-4385-A967-FD373751D1DC}.Debug|Any CPU.Build.0 = Debug|Any CPU
		{69C89133-1C36-4385-A967-FD373751D1DC}.Release|Any CPU.ActiveCfg = Release|Any CPU
		{69C89133-1C36-4385-A967-FD373751D1DC}.Release|Any CPU.Build.0 = Release|Any CPU
	EndGlobalSection
	GlobalSection(SolutionProperties) = preSolution
		HideSolutionNode = FALSE
	EndGlobalSection
	GlobalSection(ExtensibilityGlobals) = postSolution
		SolutionGuid = {4005D035-2F17-4D41-A42B-F588DAC484A1}
	EndGlobalSection
EndGlobal
